
Microsoft Visual Studio Solution File, Format Version 12.00
# Visual Studio Version 17
VisualStudioVersion = 17.8.34330.188
MinimumVisualStudioVersion = 10.0.40219.1
Project("{9A19103F-16F7-4668-BE54-9A1E7A4F7556}") = "WebAppAspNet", "WebAppAspNet\WebAppAspNet.csproj", "{30E17B57-7608-449A-91E0-B20C52605684}"
EndProject
Project("{FAE04EC0-301F-11D3-BF4B-00C04F79EFBC}") = "Infrastructure", "Infrastructure\Infrastructure.csproj", "{A8390214-75F8-484E-8512-AE617D82E031}"
EndProject
Global
	GlobalSection(SolutionConfigurationPlatforms) = preSolution
		Debug|Any CPU = Debug|Any CPU
		Release|Any CPU = Release|Any CPU
	EndGlobalSection
	GlobalSection(ProjectConfigurationPlatforms) = postSolution
		{30E17B57-7608-449A-91E0-B20C52605684}.Debug|Any CPU.ActiveCfg = Debug|Any CPU
		{30E17B57-7608-449A-91E0-B20C52605684}.Debug|Any CPU.Build.0 = Debug|Any CPU
		{30E17B57-7608-449A-91E0-B20C52605684}.Release|Any CPU.ActiveCfg = Release|Any CPU
		{30E17B57-7608-449A-91E0-B20C52605684}.Release|Any CPU.Build.0 = Release|Any CPU
		{A8390214-75F8-484E-8512-AE617D82E031}.Debug|Any CPU.ActiveCfg = Debug|Any CPU
		{A8390214-75F8-484E-8512-AE617D82E031}.Debug|Any CPU.Build.0 = Debug|Any CPU
		{A8390214-75F8-484E-8512-AE617D82E031}.Release|Any CPU.ActiveCfg = Release|Any CPU
		{A8390214-75F8-484E-8512-AE617D82E031}.Release|Any CPU.Build.0 = Release|Any CPU
	EndGlobalSection
	GlobalSection(SolutionProperties) = preSolution
		HideSolutionNode = FALSE
	EndGlobalSection
	GlobalSection(ExtensibilityGlobals) = postSolution
		SolutionGuid = {0A92CC91-9593-4D20-99DC-7963FAEFBD47}
	EndGlobalSection
EndGlobal
